// !$*UTF8*$!
{
	archiveVersion = 1;
	classes = {
	};
	objectVersion = 50;
	objects = {

/* Begin PBXBuildFile section */
		276491EA21FAEC25005B6B18 /* AppDelegate.m in Sources */ = {isa = PBXBuildFile; fileRef = 276491E921FAEC25005B6B18 /* AppDelegate.m */; };
		276491ED21FAEC25005B6B18 /* ViewController.m in Sources */ = {isa = PBXBuildFile; fileRef = 276491EC21FAEC25005B6B18 /* ViewController.m */; };
		276491F021FAEC25005B6B18 /* Main.storyboard in Resources */ = {isa = PBXBuildFile; fileRef = 276491EE21FAEC25005B6B18 /* Main.storyboard */; };
		276491F221FAEC28005B6B18 /* Assets.xcassets in Resources */ = {isa = PBXBuildFile; fileRef = 276491F121FAEC28005B6B18 /* Assets.xcassets */; };
		276491F521FAEC28005B6B18 /* LaunchScreen.storyboard in Resources */ = {isa = PBXBuildFile; fileRef = 276491F321FAEC28005B6B18 /* LaunchScreen.storyboard */; };
		276491F821FAEC28005B6B18 /* main.m in Sources */ = {isa = PBXBuildFile; fileRef = 276491F721FAEC28005B6B18 /* main.m */; };
		2764920221FAEC29005B6B18 /* herokuappTests.m in Sources */ = {isa = PBXBuildFile; fileRef = 2764920121FAEC29005B6B18 /* herokuappTests.m */; };
		2764920D21FAEC29005B6B18 /* herokuappUITests.m in Sources */ = {isa = PBXBuildFile; fileRef = 2764920C21FAEC29005B6B18 /* herokuappUITests.m */; };
/* End PBXBuildFile section */

/* Begin PBXContainerItemProxy section */
		276491FE21FAEC28005B6B18 /* PBXContainerItemProxy */ = {
			isa = PBXContainerItemProxy;
			containerPortal = 276491DD21FAEC25005B6B18 /* Project object */;
			proxyType = 1;
			remoteGlobalIDString = 276491E421FAEC25005B6B18;
			remoteInfo = herokuapp;
		};
		2764920921FAEC29005B6B18 /* PBXContainerItemProxy */ = {
			isa = PBXContainerItemProxy;
			containerPortal = 276491DD21FAEC25005B6B18 /* Project object */;
			proxyType = 1;
			remoteGlobalIDString = 276491E421FAEC25005B6B18;
			remoteInfo = herokuapp;
		};
/* End PBXContainerItemProxy section */

/* Begin PBXFileReference section */
		276491E521FAEC25005B6B18 /* herokuapp.app */ = {isa = PBXFileReference; explicitFileType = wrapper.application; includeInIndex = 0; path = herokuapp.app; sourceTree = BUILT_PRODUCTS_DIR; };
		276491E821FAEC25005B6B18 /* AppDelegate.h */ = {isa = PBXFileReference; lastKnownFileType = sourcecode.c.h; path = AppDelegate.h; sourceTree = "<group>"; };
		276491E921FAEC25005B6B18 /* AppDelegate.m */ = {isa = PBXFileReference; lastKnownFileType = sourcecode.c.objc; path = AppDelegate.m; sourceTree = "<group>"; };
		276491EB21FAEC25005B6B18 /* ViewController.h */ = {isa = PBXFileReference; lastKnownFileType = sourcecode.c.h; path = ViewController.h; sourceTree = "<group>"; };
		276491EC21FAEC25005B6B18 /* ViewController.m */ = {isa = PBXFileReference; lastKnownFileType = sourcecode.c.objc; path = ViewController.m; sourceTree = "<group>"; };
		276491EF21FAEC25005B6B18 /* Base */ = {isa = PBXFileReference; lastKnownFileType = file.storyboard; name = Base; path = Base.lproj/Main.storyboard; sourceTree = "<group>"; };
		276491F121FAEC28005B6B18 /* Assets.xcassets */ = {isa = PBXFileReference; lastKnownFileType = folder.assetcatalog; path = Assets.xcassets; sourceTree = "<group>"; };
		276491F421FAEC28005B6B18 /* Base */ = {isa = PBXFileReference; lastKnownFileType = file.storyboard; name = Base; path = Base.lproj/LaunchScreen.storyboard; sourceTree = "<group>"; };
		276491F621FAEC28005B6B18 /* Info.plist */ = {isa = PBXFileReference; lastKnownFileType = text.plist.xml; path = Info.plist; sourceTree = "<group>"; };
		276491F721FAEC28005B6B18 /* main.m */ = {isa = PBXFileReference; lastKnownFileType = sourcecode.c.objc; path = main.m; sourceTree = "<group>"; };
		276491FD21FAEC28005B6B18 /* herokuappTests.xctest */ = {isa = PBXFileReference; explicitFileType = wrapper.cfbundle; includeInIndex = 0; path = herokuappTests.xctest; sourceTree = BUILT_PRODUCTS_DIR; };
		2764920121FAEC29005B6B18 /* herokuappTests.m */ = {isa = PBXFileReference; lastKnownFileType = sourcecode.c.objc; path = herokuappTests.m; sourceTree = "<group>"; };
		2764920321FAEC29005B6B18 /* Info.plist */ = {isa = PBXFileReference; lastKnownFileType = text.plist.xml; path = Info.plist; sourceTree = "<group>"; };
		2764920821FAEC29005B6B18 /* herokuappUITests.xctest */ = {isa = PBXFileReference; explicitFileType = wrapper.cfbundle; includeInIndex = 0; path = herokuappUITests.xctest; sourceTree = BUILT_PRODUCTS_DIR; };
		2764920C21FAEC29005B6B18 /* herokuappUITests.m */ = {isa = PBXFileReference; lastKnownFileType = sourcecode.c.objc; path = herokuappUITests.m; sourceTree = "<group>"; };
		2764920E21FAEC29005B6B18 /* Info.plist */ = {isa = PBXFileReference; lastKnownFileType = text.plist.xml; path = Info.plist; sourceTree = "<group>"; };
/* End PBXFileReference section */

/* Begin PBXFrameworksBuildPhase section */
		276491E221FAEC25005B6B18 /* Frameworks */ = {
			isa = PBXFrameworksBuildPhase;
			buildActionMask = 2147483647;
			files = (
			);
			runOnlyForDeploymentPostprocessing = 0;
		};
		276491FA21FAEC28005B6B18 /* Frameworks */ = {
			isa = PBXFrameworksBuildPhase;
			buildActionMask = 2147483647;
			files = (
			);
			runOnlyForDeploymentPostprocessing = 0;
		};
		2764920521FAEC29005B6B18 /* Frameworks */ = {
			isa = PBXFrameworksBuildPhase;
			buildActionMask = 2147483647;
			files = (
			);
			runOnlyForDeploymentPostprocessing = 0;
		};
/* End PBXFrameworksBuildPhase section */

/* Begin PBXGroup section */
		276491DC21FAEC25005B6B18 = {
			isa = PBXGroup;
			children = (
				276491E721FAEC25005B6B18 /* herokuapp */,
				2764920021FAEC29005B6B18 /* herokuappTests */,
				2764920B21FAEC29005B6B18 /* herokuappUITests */,
				276491E621FAEC25005B6B18 /* Products */,
			);
			sourceTree = "<group>";
		};
		276491E621FAEC25005B6B18 /* Products */ = {
			isa = PBXGroup;
			children = (
				276491E521FAEC25005B6B18 /* herokuapp.app */,
				276491FD21FAEC28005B6B18 /* herokuappTests.xctest */,
				2764920821FAEC29005B6B18 /* herokuappUITests.xctest */,
			);
			name = Products;
			sourceTree = "<group>";
		};
		276491E721FAEC25005B6B18 /* herokuapp */ = {
			isa = PBXGroup;
			children = (
				276491E821FAEC25005B6B18 /* AppDelegate.h */,
				276491E921FAEC25005B6B18 /* AppDelegate.m */,
				276491EB21FAEC25005B6B18 /* ViewController.h */,
				276491EC21FAEC25005B6B18 /* ViewController.m */,
				276491EE21FAEC25005B6B18 /* Main.storyboard */,
				276491F121FAEC28005B6B18 /* Assets.xcassets */,
				276491F321FAEC28005B6B18 /* LaunchScreen.storyboard */,
				276491F621FAEC28005B6B18 /* Info.plist */,
				276491F721FAEC28005B6B18 /* main.m */,
			);
			path = herokuapp;
			sourceTree = "<group>";
		};
		2764920021FAEC29005B6B18 /* herokuappTests */ = {
			isa = PBXGroup;
			children = (
				2764920121FAEC29005B6B18 /* herokuappTests.m */,
				2764920321FAEC29005B6B18 /* Info.plist */,
			);
			path = herokuappTests;
			sourceTree = "<group>";
		};
		2764920B21FAEC29005B6B18 /* herokuappUITests */ = {
			isa = PBXGroup;
			children = (
				2764920C21FAEC29005B6B18 /* herokuappUITests.m */,
				2764920E21FAEC29005B6B18 /* Info.plist */,
			);
			path = herokuappUITests;
			sourceTree = "<group>";
		};
/* End PBXGroup section */

/* Begin PBXNativeTarget section */
		276491E421FAEC25005B6B18 /* herokuapp */ = {
			isa = PBXNativeTarget;
			buildConfigurationList = 2764921121FAEC29005B6B18 /* Build configuration list for PBXNativeTarget "herokuapp" */;
			buildPhases = (
				276491E121FAEC25005B6B18 /* Sources */,
				276491E221FAEC25005B6B18 /* Frameworks */,
				276491E321FAEC25005B6B18 /* Resources */,
			);
			buildRules = (
			);
			dependencies = (
			);
			name = herokuapp;
			productName = herokuapp;
			productReference = 276491E521FAEC25005B6B18 /* herokuapp.app */;
			productType = "com.apple.product-type.application";
		};
		276491FC21FAEC28005B6B18 /* herokuappTests */ = {
			isa = PBXNativeTarget;
			buildConfigurationList = 2764921421FAEC29005B6B18 /* Build configuration list for PBXNativeTarget "herokuappTests" */;
			buildPhases = (
				276491F921FAEC28005B6B18 /* Sources */,
				276491FA21FAEC28005B6B18 /* Frameworks */,
				276491FB21FAEC28005B6B18 /* Resources */,
			);
			buildRules = (
			);
			dependencies = (
				276491FF21FAEC28005B6B18 /* PBXTargetDependency */,
			);
			name = herokuappTests;
			productName = herokuappTests;
			productReference = 276491FD21FAEC28005B6B18 /* herokuappTests.xctest */;
			productType = "com.apple.product-type.bundle.unit-test";
		};
		2764920721FAEC29005B6B18 /* herokuappUITests */ = {
			isa = PBXNativeTarget;
			buildConfigurationList = 2764921721FAEC29005B6B18 /* Build configuration list for PBXNativeTarget "herokuappUITests" */;
			buildPhases = (
				2764920421FAEC29005B6B18 /* Sources */,
				2764920521FAEC29005B6B18 /* Frameworks */,
				2764920621FAEC29005B6B18 /* Resources */,
			);
			buildRules = (
			);
			dependencies = (
				2764920A21FAEC29005B6B18 /* PBXTargetDependency */,
			);
			name = herokuappUITests;
			productName = herokuappUITests;
			productReference = 2764920821FAEC29005B6B18 /* herokuappUITests.xctest */;
			productType = "com.apple.product-type.bundle.ui-testing";
		};
/* End PBXNativeTarget section */

/* Begin PBXProject section */
		276491DD21FAEC25005B6B18 /* Project object */ = {
			isa = PBXProject;
			attributes = {
				LastUpgradeCheck = 1010;
				ORGANIZATIONNAME = "Цындрин Антон";
				TargetAttributes = {
					276491E421FAEC25005B6B18 = {
						CreatedOnToolsVersion = 10.1;
					};
					276491FC21FAEC28005B6B18 = {
						CreatedOnToolsVersion = 10.1;
						TestTargetID = 276491E421FAEC25005B6B18;
					};
					2764920721FAEC29005B6B18 = {
						CreatedOnToolsVersion = 10.1;
						TestTargetID = 276491E421FAEC25005B6B18;
					};
				};
			};
			buildConfigurationList = 276491E021FAEC25005B6B18 /* Build configuration list for PBXProject "herokuapp" */;
			compatibilityVersion = "Xcode 9.3";
			developmentRegion = en;
			hasScannedForEncodings = 0;
			knownRegions = (
				en,
				Base,
			);
			mainGroup = 276491DC21FAEC25005B6B18;
			productRefGroup = 276491E621FAEC25005B6B18 /* Products */;
			projectDirPath = "";
			projectRoot = "";
			targets = (
				276491E421FAEC25005B6B18 /* herokuapp */,
				276491FC21FAEC28005B6B18 /* herokuappTests */,
				2764920721FAEC29005B6B18 /* herokuappUITests */,
			);
		};
/* End PBXProject section */

/* Begin PBXResourcesBuildPhase section */
		276491E321FAEC25005B6B18 /* Resources */ = {
			isa = PBXResourcesBuildPhase;
			buildActionMask = 2147483647;
			files = (
				276491F521FAEC28005B6B18 /* LaunchScreen.storyboard in Resources */,
				276491F221FAEC28005B6B18 /* Assets.xcassets in Resources */,
				276491F021FAEC25005B6B18 /* Main.storyboard in Resources */,
			);
			runOnlyForDeploymentPostprocessing = 0;
		};
		276491FB21FAEC28005B6B18 /* Resources */ = {
			isa = PBXResourcesBuildPhase;
			buildActionMask = 2147483647;
			files = (
			);
			runOnlyForDeploymentPostprocessing = 0;
		};
		2764920621FAEC29005B6B18 /* Resources */ = {
			isa = PBXResourcesBuildPhase;
			buildActionMask = 2147483647;
			files = (
			);
			runOnlyForDeploymentPostprocessing = 0;
		};
/* End PBXResourcesBuildPhase section */

/* Begin PBXSourcesBuildPhase section */
		276491E121FAEC25005B6B18 /* Sources */ = {
			isa = PBXSourcesBuildPhase;
			buildActionMask = 2147483647;
			files = (
				276491ED21FAEC25005B6B18 /* ViewController.m in Sources */,
				276491F821FAEC28005B6B18 /* main.m in Sources */,
				276491EA21FAEC25005B6B18 /* AppDelegate.m in Sources */,
			);
			runOnlyForDeploymentPostprocessing = 0;
		};
		276491F921FAEC28005B6B18 /* Sources */ = {
			isa = PBXSourcesBuildPhase;
			buildActionMask = 2147483647;
			files = (
				2764920221FAEC29005B6B18 /* herokuappTests.m in Sources */,
			);
			runOnlyForDeploymentPostprocessing = 0;
		};
		2764920421FAEC29005B6B18 /* Sources */ = {
			isa = PBXSourcesBuildPhase;
			buildActionMask = 2147483647;
			files = (
				2764920D21FAEC29005B6B18 /* herokuappUITests.m in Sources */,
			);
			runOnlyForDeploymentPostprocessing = 0;
		};
/* End PBXSourcesBuildPhase section */

/* Begin PBXTargetDependency section */
		276491FF21FAEC28005B6B18 /* PBXTargetDependency */ = {
			isa = PBXTargetDependency;
			target = 276491E421FAEC25005B6B18 /* herokuapp */;
			targetProxy = 276491FE21FAEC28005B6B18 /* PBXContainerItemProxy */;
		};
		2764920A21FAEC29005B6B18 /* PBXTargetDependency */ = {
			isa = PBXTargetDependency;
			target = 276491E421FAEC25005B6B18 /* herokuapp */;
			targetProxy = 2764920921FAEC29005B6B18 /* PBXContainerItemProxy */;
		};
/* End PBXTargetDependency section */

/* Begin PBXVariantGroup section */
		276491EE21FAEC25005B6B18 /* Main.storyboard */ = {
			isa = PBXVariantGroup;
			children = (
				276491EF21FAEC25005B6B18 /* Base */,
			);
			name = Main.storyboard;
			sourceTree = "<group>";
		};
		276491F321FAEC28005B6B18 /* LaunchScreen.storyboard */ = {
			isa = PBXVariantGroup;
			children = (
				276491F421FAEC28005B6B18 /* Base */,
			);
			name = LaunchScreen.storyboard;
			sourceTree = "<group>";
		};
/* End PBXVariantGroup section */

/* Begin XCBuildConfiguration section */
		2764920F21FAEC29005B6B18 /* Debug */ = {
			isa = XCBuildConfiguration;
			buildSettings = {
				ALWAYS_SEARCH_USER_PATHS = NO;
				CLANG_ANALYZER_NONNULL = YES;
				CLANG_ANALYZER_NUMBER_OBJECT_CONVERSION = YES_AGGRESSIVE;
				CLANG_CXX_LANGUAGE_STANDARD = "gnu++14";
				CLANG_CXX_LIBRARY = "libc++";
				CLANG_ENABLE_MODULES = YES;
				CLANG_ENABLE_OBJC_ARC = YES;
				CLANG_ENABLE_OBJC_WEAK = YES;
				CLANG_WARN_BLOCK_CAPTURE_AUTORELEASING = YES;
				CLANG_WARN_BOOL_CONVERSION = YES;
				CLANG_WARN_COMMA = YES;
				CLANG_WARN_CONSTANT_CONVERSION = YES;
				CLANG_WARN_DEPRECATED_OBJC_IMPLEMENTATIONS = YES;
				CLANG_WARN_DIRECT_OBJC_ISA_USAGE = YES_ERROR;
				CLANG_WARN_DOCUMENTATION_COMMENTS = YES;
				CLANG_WARN_EMPTY_BODY = YES;
				CLANG_WARN_ENUM_CONVERSION = YES;
				CLANG_WARN_INFINITE_RECURSION = YES;
				CLANG_WARN_INT_CONVERSION = YES;
				CLANG_WARN_NON_LITERAL_NULL_CONVERSION = YES;
				CLANG_WARN_OBJC_IMPLICIT_RETAIN_SELF = YES;
				CLANG_WARN_OBJC_LITERAL_CONVERSION = YES;
				CLANG_WARN_OBJC_ROOT_CLASS = YES_ERROR;
				CLANG_WARN_RANGE_LOOP_ANALYSIS = YES;
				CLANG_WARN_STRICT_PROTOTYPES = YES;
				CLANG_WARN_SUSPICIOUS_MOVE = YES;
				CLANG_WARN_UNGUARDED_AVAILABILITY = YES_AGGRESSIVE;
				CLANG_WARN_UNREACHABLE_CODE = YES;
				CLANG_WARN__DUPLICATE_METHOD_MATCH = YES;
				CODE_SIGN_IDENTITY = "iPhone Developer";
				COPY_PHASE_STRIP = NO;
				DEBUG_INFORMATION_FORMAT = dwarf;
				ENABLE_STRICT_OBJC_MSGSEND = YES;
				ENABLE_TESTABILITY = YES;
				GCC_C_LANGUAGE_STANDARD = gnu11;
				GCC_DYNAMIC_NO_PIC = NO;
				GCC_NO_COMMON_BLOCKS = YES;
				GCC_OPTIMIZATION_LEVEL = 0;
				GCC_PREPROCESSOR_DEFINITIONS = (
					"DEBUG=1",
					"$(inherited)",
				);
				GCC_WARN_64_TO_32_BIT_CONVERSION = YES;
				GCC_WARN_ABOUT_RETURN_TYPE = YES_ERROR;
				GCC_WARN_UNDECLARED_SELECTOR = YES;
				GCC_WARN_UNINITIALIZED_AUTOS = YES_AGGRESSIVE;
				GCC_WARN_UNUSED_FUNCTION = YES;
				GCC_WARN_UNUSED_VARIABLE = YES;
				IPHONEOS_DEPLOYMENT_TARGET = 12.1;
				MTL_ENABLE_DEBUG_INFO = INCLUDE_SOURCE;
				MTL_FAST_MATH = YES;
				ONLY_ACTIVE_ARCH = YES;
				SDKROOT = iphoneos;
			};
			name = Debug;
		};
		2764921021FAEC29005B6B18 /* Release */ = {
			isa = XCBuildConfiguration;
			buildSettings = {
				ALWAYS_SEARCH_USER_PATHS = NO;
				CLANG_ANALYZER_NONNULL = YES;
				CLANG_ANALYZER_NUMBER_OBJECT_CONVERSION = YES_AGGRESSIVE;
				CLANG_CXX_LANGUAGE_STANDARD = "gnu++14";
				CLANG_CXX_LIBRARY = "libc++";
				CLANG_ENABLE_MODULES = YES;
				CLANG_ENABLE_OBJC_ARC = YES;
				CLANG_ENABLE_OBJC_WEAK = YES;
				CLANG_WARN_BLOCK_CAPTURE_AUTORELEASING = YES;
				CLANG_WARN_BOOL_CONVERSION = YES;
				CLANG_WARN_COMMA = YES;
				CLANG_WARN_CONSTANT_CONVERSION = YES;
				CLANG_WARN_DEPRECATED_OBJC_IMPLEMENTATIONS = YES;
				CLANG_WARN_DIRECT_OBJC_ISA_USAGE = YES_ERROR;
				CLANG_WARN_DOCUMENTATION_COMMENTS = YES;
				CLANG_WARN_EMPTY_BODY = YES;
				CLANG_WARN_ENUM_CONVERSION = YES;
				CLANG_WARN_INFINITE_RECURSION = YES;
				CLANG_WARN_INT_CONVERSION = YES;
				CLANG_WARN_NON_LITERAL_NULL_CONVERSION = YES;
				CLANG_WARN_OBJC_IMPLICIT_RETAIN_SELF = YES;
				CLANG_WARN_OBJC_LITERAL_CONVERSION = YES;
				CLANG_WARN_OBJC_ROOT_CLASS = YES_ERROR;
				CLANG_WARN_RANGE_LOOP_ANALYSIS = YES;
				CLANG_WARN_STRICT_PROTOTYPES = YES;
				CLANG_WARN_SUSPICIOUS_MOVE = YES;
				CLANG_WARN_UNGUARDED_AVAILABILITY = YES_AGGRESSIVE;
				CLANG_WARN_UNREACHABLE_CODE = YES;
				CLANG_WARN__DUPLICATE_METHOD_MATCH = YES;
				CODE_SIGN_IDENTITY = "iPhone Developer";
				COPY_PHASE_STRIP = NO;
				DEBUG_INFORMATION_FORMAT = "dwarf-with-dsym";
				ENABLE_NS_ASSERTIONS = NO;
				ENABLE_STRICT_OBJC_MSGSEND = YES;
				GCC_C_LANGUAGE_STANDARD = gnu11;
				GCC_NO_COMMON_BLOCKS = YES;
				GCC_WARN_64_TO_32_BIT_CONVERSION = YES;
				GCC_WARN_ABOUT_RETURN_TYPE = YES_ERROR;
				GCC_WARN_UNDECLARED_SELECTOR = YES;
				GCC_WARN_UNINITIALIZED_AUTOS = YES_AGGRESSIVE;
				GCC_WARN_UNUSED_FUNCTION = YES;
				GCC_WARN_UNUSED_VARIABLE = YES;
				IPHONEOS_DEPLOYMENT_TARGET = 12.1;
				MTL_ENABLE_DEBUG_INFO = NO;
				MTL_FAST_MATH = YES;
				SDKROOT = iphoneos;
				VALIDATE_PRODUCT = YES;
			};
			name = Release;
		};
		2764921221FAEC29005B6B18 /* Debug */ = {
			isa = XCBuildConfiguration;
			buildSettings = {
				ASSETCATALOG_COMPILER_APPICON_NAME = AppIcon;
				CODE_SIGN_STYLE = Automatic;
				INFOPLIST_FILE = herokuapp/Info.plist;
				LD_RUNPATH_SEARCH_PATHS = (
					"$(inherited)",
					"@executable_path/Frameworks",
				);
				PRODUCT_BUNDLE_IDENTIFIER = "personal-team.herokuapp";
				PRODUCT_NAME = "$(TARGET_NAME)";
				TARGETED_DEVICE_FAMILY = "1,2";
			};
			name = Debug;
		};
		2764921321FAEC29005B6B18 /* Release */ = {
			isa = XCBuildConfiguration;
			buildSettings = {
				ASSETCATALOG_COMPILER_APPICON_NAME = AppIcon;
				CODE_SIGN_STYLE = Automatic;
				INFOPLIST_FILE = herokuapp/Info.plist;
				LD_RUNPATH_SEARCH_PATHS = (
					"$(inherited)",
					"@executable_path/Frameworks",
				);
				PRODUCT_BUNDLE_IDENTIFIER = "personal-team.herokuapp";
				PRODUCT_NAME = "$(TARGET_NAME)";
				TARGETED_DEVICE_FAMILY = "1,2";
			};
			name = Release;
		};
		2764921521FAEC29005B6B18 /* Debug */ = {
			isa = XCBuildConfiguration;
			buildSettings = {
				BUNDLE_LOADER = "$(TEST_HOST)";
				CODE_SIGN_STYLE = Automatic;
				INFOPLIST_FILE = herokuappTests/Info.plist;
				LD_RUNPATH_SEARCH_PATHS = (
					"$(inherited)",
					"@executable_path/Frameworks",
					"@loader_path/Frameworks",
				);
				PRODUCT_BUNDLE_IDENTIFIER = "personal-team.herokuappTests";
				PRODUCT_NAME = "$(TARGET_NAME)";
				TARGETED_DEVICE_FAMILY = "1,2";
				TEST_HOST = "$(BUILT_PRODUCTS_DIR)/herokuapp.app/herokuapp";
			};
			name = Debug;
		};
		2764921621FAEC29005B6B18 /* Release */ = {
			isa = XCBuildConfiguration;
			buildSettings = {
				BUNDLE_LOADER = "$(TEST_HOST)";
				CODE_SIGN_STYLE = Automatic;
				INFOPLIST_FILE = herokuappTests/Info.plist;
				LD_RUNPATH_SEARCH_PATHS = (
					"$(inherited)",
					"@executable_path/Frameworks",
					"@loader_path/Frameworks",
				);
				PRODUCT_BUNDLE_IDENTIFIER = "personal-team.herokuappTests";
				PRODUCT_NAME = "$(TARGET_NAME)";
				TARGETED_DEVICE_FAMILY = "1,2";
				TEST_HOST = "$(BUILT_PRODUCTS_DIR)/herokuapp.app/herokuapp";
			};
			name = Release;
		};
		2764921821FAEC29005B6B18 /* Debug */ = {
			isa = XCBuildConfiguration;
			buildSettings = {
				CODE_SIGN_STYLE = Automatic;
				INFOPLIST_FILE = herokuappUITests/Info.plist;
				LD_RUNPATH_SEARCH_PATHS = (
					"$(inherited)",
					"@executable_path/Frameworks",
					"@loader_path/Frameworks",
				);
				PRODUCT_BUNDLE_IDENTIFIER = "personal-team.herokuappUITests";
				PRODUCT_NAME = "$(TARGET_NAME)";
				TARGETED_DEVICE_FAMILY = "1,2";
				TEST_TARGET_NAME = herokuapp;
			};
			name = Debug;
		};
		2764921921FAEC29005B6B18 /* Release */ = {
			isa = XCBuildConfiguration;
			buildSettings = {
				CODE_SIGN_STYLE = Automatic;
				INFOPLIST_FILE = herokuappUITests/Info.plist;
				LD_RUNPATH_SEARCH_PATHS = (
					"$(inherited)",
					"@executable_path/Frameworks",
					"@loader_path/Frameworks",
				);
				PRODUCT_BUNDLE_IDENTIFIER = "personal-team.herokuappUITests";
				PRODUCT_NAME = "$(TARGET_NAME)";
				TARGETED_DEVICE_FAMILY = "1,2";
				TEST_TARGET_NAME = herokuapp;
			};
			name = Release;
		};
/* End XCBuildConfiguration section */

/* Begin XCConfigurationList section */
		276491E021FAEC25005B6B18 /* Build configuration list for PBXProject "herokuapp" */ = {
			isa = XCConfigurationList;
			buildConfigurations = (
				2764920F21FAEC29005B6B18 /* Debug */,
				2764921021FAEC29005B6B18 /* Release */,
			);
			defaultConfigurationIsVisible = 0;
			defaultConfigurationName = Release;
		};
		2764921121FAEC29005B6B18 /* Build configuration list for PBXNativeTarget "herokuapp" */ = {
			isa = XCConfigurationList;
			buildConfigurations = (
				2764921221FAEC29005B6B18 /* Debug */,
				2764921321FAEC29005B6B18 /* Release */,
			);
			defaultConfigurationIsVisible = 0;
			defaultConfigurationName = Release;
		};
		2764921421FAEC29005B6B18 /* Build configuration list for PBXNativeTarget "herokuappTests" */ = {
			isa = XCConfigurationList;
			buildConfigurations = (
				2764921521FAEC29005B6B18 /* Debug */,
				2764921621FAEC29005B6B18 /* Release */,
			);
			defaultConfigurationIsVisible = 0;
			defaultConfigurationName = Release;
		};
		2764921721FAEC29005B6B18 /* Build configuration list for PBXNativeTarget "herokuappUITests" */ = {
			isa = XCConfigurationList;
			buildConfigurations = (
				2764921821FAEC29005B6B18 /* Debug */,
				2764921921FAEC29005B6B18 /* Release */,
			);
			defaultConfigurationIsVisible = 0;
			defaultConfigurationName = Release;
		};
/* End XCConfigurationList section */
	};
	rootObject = 276491DD21FAEC25005B6B18 /* Project object */;
}
